
Microsoft Visual Studio Solution File, Format Version 12.00
# Visual Studio Version 16
VisualStudioVersion = 16.0.30114.105
MinimumVisualStudioVersion = 10.0.40219.1
Project("{FAE04EC0-301F-11D3-BF4B-00C04F79EFBC}") = "Alunos.Api", "Alunos.Api\Alunos.Api.csproj", "{33B230AB-2758-44CE-B220-4BC324F95C6E}"
EndProject
Project("{FAE04EC0-301F-11D3-BF4B-00C04F79EFBC}") = "Alunos.Application", "Alunos.Application\Alunos.Application.csproj", "{019B5829-E908-4937-B8B6-4654DD819C9F}"
EndProject
Project("{FAE04EC0-301F-11D3-BF4B-00C04F79EFBC}") = "Alunos.Domain", "Alunos.Domain\Alunos.Domain.csproj", "{7611F906-E730-499A-8F96-DC44F4C6458A}"
EndProject
Project("{FAE04EC0-301F-11D3-BF4B-00C04F79EFBC}") = "Alunos.Infra", "Alunos.Infra\Alunos.Infra.csproj", "{80DD74E6-FE44-4B90-85A5-E61F7606442D}"
EndProject
Project("{FAE04EC0-301F-11D3-BF4B-00C04F79EFBC}") = "Alunos.Tests", "Alunos.Tests\Alunos.Tests.csproj", "{5F1D5F77-6243-4572-886B-89D5A642BCCA}"
EndProject
Global
	GlobalSection(SolutionConfigurationPlatforms) = preSolution
		Debug|Any CPU = Debug|Any CPU
		Release|Any CPU = Release|Any CPU
	EndGlobalSection
	GlobalSection(SolutionProperties) = preSolution
		HideSolutionNode = FALSE
	EndGlobalSection
	GlobalSection(ProjectConfigurationPlatforms) = postSolution
		{33B230AB-2758-44CE-B220-4BC324F95C6E}.Debug|Any CPU.ActiveCfg = Debug|Any CPU
		{33B230AB-2758-44CE-B220-4BC324F95C6E}.Debug|Any CPU.Build.0 = Debug|Any CPU
		{33B230AB-2758-44CE-B220-4BC324F95C6E}.Release|Any CPU.ActiveCfg = Release|Any CPU
		{33B230AB-2758-44CE-B220-4BC324F95C6E}.Release|Any CPU.Build.0 = Release|Any CPU
		{019B5829-E908-4937-B8B6-4654DD819C9F}.Debug|Any CPU.ActiveCfg = Debug|Any CPU
		{019B5829-E908-4937-B8B6-4654DD819C9F}.Debug|Any CPU.Build.0 = Debug|Any CPU
		{019B5829-E908-4937-B8B6-4654DD819C9F}.Release|Any CPU.ActiveCfg = Release|Any CPU
		{019B5829-E908-4937-B8B6-4654DD819C9F}.Release|Any CPU.Build.0 = Release|Any CPU
		{7611F906-E730-499A-8F96-DC44F4C6458A}.Debug|Any CPU.ActiveCfg = Debug|Any CPU
		{7611F906-E730-499A-8F96-DC44F4C6458A}.Debug|Any CPU.Build.0 = Debug|Any CPU
		{7611F906-E730-499A-8F96-DC44F4C6458A}.Release|Any CPU.ActiveCfg = Release|Any CPU
		{7611F906-E730-499A-8F96-DC44F4C6458A}.Release|Any CPU.Build.0 = Release|Any CPU
		{80DD74E6-FE44-4B90-85A5-E61F7606442D}.Debug|Any CPU.ActiveCfg = Debug|Any CPU
		{80DD74E6-FE44-4B90-85A5-E61F7606442D}.Debug|Any CPU.Build.0 = Debug|Any CPU
		{80DD74E6-FE44-4B90-85A5-E61F7606442D}.Release|Any CPU.ActiveCfg = Release|Any CPU
		{80DD74E6-FE44-4B90-85A5-E61F7606442D}.Release|Any CPU.Build.0 = Release|Any CPU
		{5F1D5F77-6243-4572-886B-89D5A642BCCA}.Debug|Any CPU.ActiveCfg = Debug|Any CPU
		{5F1D5F77-6243-4572-886B-89D5A642BCCA}.Debug|Any CPU.Build.0 = Debug|Any CPU
		{5F1D5F77-6243-4572-886B-89D5A642BCCA}.Release|Any CPU.ActiveCfg = Release|Any CPU
		{5F1D5F77-6243-4572-886B-89D5A642BCCA}.Release|Any CPU.Build.0 = Release|Any CPU
	EndGlobalSection
EndGlobal
